
Microsoft Visual Studio Solution File, Format Version 12.00
# Visual Studio Version 17
VisualStudioVersion = 17.2.32630.192
MinimumVisualStudioVersion = 10.0.40219.1
Project("{FAE04EC0-301F-11D3-BF4B-00C04F79EFBC}") = "Pow1", "Pow1\Pow1.csproj", "{1C6C3BEE-1AF0-4F38-A0C8-C83AC734980A}"
EndProject
Global
	GlobalSection(SolutionConfigurationPlatforms) = preSolution
		Debug|Any CPU = Debug|Any CPU
		Release|Any CPU = Release|Any CPU
	EndGlobalSection
	GlobalSection(ProjectConfigurationPlatforms) = postSolution
		{1C6C3BEE-1AF0-4F38-A0C8-C83AC734980A}.Debug|Any CPU.ActiveCfg = Debug|Any CPU
		{1C6C3BEE-1AF0-4F38-A0C8-C83AC734980A}.Debug|Any CPU.Build.0 = Debug|Any CPU
		{1C6C3BEE-1AF0-4F38-A0C8-C83AC734980A}.Release|Any CPU.ActiveCfg = Release|Any CPU
		{1C6C3BEE-1AF0-4F38-A0C8-C83AC734980A}.Release|Any CPU.Build.0 = Release|Any CPU
	EndGlobalSection
	GlobalSection(SolutionProperties) = preSolution
		HideSolutionNode = FALSE
	EndGlobalSection
	GlobalSection(ExtensibilityGlobals) = postSolution
		SolutionGuid = {8DDE440E-E9BF-4C14-A65D-1E937BA22128}
	EndGlobalSection
EndGlobal
